
Microsoft Visual Studio Solution File, Format Version 12.00
# Visual Studio 14
VisualStudioVersion = 14.0.24720.0
MinimumVisualStudioVersion = 10.0.40219.1
Project("{2150E333-8FDC-42A3-9474-1A3956D46DE8}") = "src", "src", "{65955E77-887A-4E99-96C5-8BAE6B961183}"
EndProject
Project("{2150E333-8FDC-42A3-9474-1A3956D46DE8}") = "Solution Items", "Solution Items", "{393043C5-AA8A-4638-AB52-BEFE0955637D}"
	ProjectSection(SolutionItems) = preProject
		global.json = global.json
	EndProjectSection
EndProject
Project("{8BB2217D-0F2D-49D1-97BC-3654ED321F3B}") = "RoutingLab", "src\RoutingLab\RoutingLab.xproj", "{7EB28A1A-2D7D-40FA-9D58-58E377079E12}"
EndProject
Global
	GlobalSection(SolutionConfigurationPlatforms) = preSolution
		Debug|Any CPU = Debug|Any CPU
		Release|Any CPU = Release|Any CPU
	EndGlobalSection
	GlobalSection(ProjectConfigurationPlatforms) = postSolution
		{7EB28A1A-2D7D-40FA-9D58-58E377079E12}.Debug|Any CPU.ActiveCfg = Debug|Any CPU
		{7EB28A1A-2D7D-40FA-9D58-58E377079E12}.Debug|Any CPU.Build.0 = Debug|Any CPU
		{7EB28A1A-2D7D-40FA-9D58-58E377079E12}.Release|Any CPU.ActiveCfg = Release|Any CPU
		{7EB28A1A-2D7D-40FA-9D58-58E377079E12}.Release|Any CPU.Build.0 = Release|Any CPU
	EndGlobalSection
	GlobalSection(SolutionProperties) = preSolution
		HideSolutionNode = FALSE
	EndGlobalSection
	GlobalSection(NestedProjects) = preSolution
		{7EB28A1A-2D7D-40FA-9D58-58E377079E12} = {65955E77-887A-4E99-96C5-8BAE6B961183}
	EndGlobalSection
EndGlobal
